
Microsoft Visual Studio Solution File, Format Version 12.00
# Visual Studio 14
VisualStudioVersion = 14.0.25420.1
MinimumVisualStudioVersion = 10.0.40219.1
Project("{FAE04EC0-301F-11D3-BF4B-00C04F79EFBC}") = "QzoneAlbumDownloader", "QzoneAlbumDownloader\QzoneAlbumDownloader.csproj", "{BA4B6B38-E23F-4FA6-85CF-51C0D7F0CC65}"
EndProject
Global
	GlobalSection(SolutionConfigurationPlatforms) = preSolution
		Debug|Any CPU = Debug|Any CPU
		Release|Any CPU = Release|Any CPU
	EndGlobalSection
	GlobalSection(ProjectConfigurationPlatforms) = postSolution
		{BA4B6B38-E23F-4FA6-85CF-51C0D7F0CC65}.Debug|Any CPU.ActiveCfg = Debug|Any CPU
		{BA4B6B38-E23F-4FA6-85CF-51C0D7F0CC65}.Debug|Any CPU.Build.0 = Debug|Any CPU
		{BA4B6B38-E23F-4FA6-85CF-51C0D7F0CC65}.Release|Any CPU.ActiveCfg = Release|Any CPU
		{BA4B6B38-E23F-4FA6-85CF-51C0D7F0CC65}.Release|Any CPU.Build.0 = Release|Any CPU
	EndGlobalSection
	GlobalSection(SolutionProperties) = preSolution
		HideSolutionNode = FALSE
	EndGlobalSection
EndGlobal
